{
  "nodes": {
    "nixpkgs": {
      "locked": {
        "lastModified": 1692128808,
        "narHash": "sha256-Di1Zm/P042NuwThMiZNrtmaAjd4Tm2qBOKHX7xUOfMk=",
        "owner": "NixOS",
        "repo": "nixpkgs",
        "rev": "4ed9856be002a730234a1a1ed9dcd9dd10cbdb40",
        "type": "github"
      },
      "original": {
        "id": "nixpkgs",
        "type": "indirect"
      }
    },
    "root": {
      "inputs": {
        "nixpkgs": "nixpkgs"
      }
    }
  },
  "root": "root",
  "version": 7
}
